# THIS IS AN AUTOGENERATED FILE. DO NOT EDIT THIS FILE DIRECTLY.
# yarn lockfile v1


"@sindresorhus/is@^4.0.0":
  "integrity" "sha1-Znv8YYaufJ4LRaCJYMVRQ3F24co="
  "resolved" "https://registry.nlark.com/@sindresorhus/is/download/@sindresorhus/is-4.2.0.tgz"
  "version" "4.2.0"

"@szmarczak/http-timer@^4.0.5":
  "integrity" "sha1-tKkUu2LnwnLU5Zif5EQPgSqx2Ac="
  "resolved" "https://registry.nlark.com/@szmarczak/http-timer/download/@szmarczak/http-timer-4.0.6.tgz"
  "version" "4.0.6"
  dependencies:
    "defer-to-connect" "^2.0.0"

"@types/cacheable-request@^6.0.1":
  "integrity" "sha1-wyTaAZfeCpiiMSFWU2riYkKf9rk="
  "resolved" "https://registry.nlark.com/@types/cacheable-request/download/@types/cacheable-request-6.0.2.tgz?cache=0&other_urls=https%3A%2F%2Fregistry.nlark.com%2F%40types%2Fcacheable-request%2Fdownload%2F%40types%2Fcacheable-request-6.0.2.tgz"
  "version" "6.0.2"
  dependencies:
    "@types/http-cache-semantics" "*"
    "@types/keyv" "*"
    "@types/node" "*"
    "@types/responselike" "*"

"@types/http-cache-semantics@*":
  "integrity" "sha1-Dqe2FJaQK5WJDcTDoRa2DLja6BI="
  "resolved" "https://registry.nlark.com/@types/http-cache-semantics/download/@types/http-cache-semantics-4.0.1.tgz"
  "version" "4.0.1"

"@types/keyv@*":
  "integrity" "sha1-HJquMocuwfINza7omp87qI9GXkE="
  "resolved" "https://registry.nlark.com/@types/keyv/download/@types/keyv-3.1.3.tgz?cache=0&sync_timestamp=1631007349627&other_urls=https%3A%2F%2Fregistry.nlark.com%2F%40types%2Fkeyv%2Fdownload%2F%40types%2Fkeyv-3.1.3.tgz"
  "version" "3.1.3"
  dependencies:
    "@types/node" "*"

"@types/node@*":
  "integrity" "sha1-LlCmSaUPxANDOhT4Ke+s4aNEPpc="
  "resolved" "https://registry.npmmirror.com/@types/node/download/@types/node-16.11.1.tgz?cache=0&sync_timestamp=1634443414534&other_urls=https%3A%2F%2Fregistry.npmmirror.com%2F%40types%2Fnode%2Fdownload%2F%40types%2Fnode-16.11.1.tgz"
  "version" "16.11.1"

"@types/responselike@*", "@types/responselike@^1.0.0":
  "integrity" "sha1-JR9P59FU0rrRJavhtCmyOv0mLik="
  "resolved" "https://registry.nlark.com/@types/responselike/download/@types/responselike-1.0.0.tgz?cache=0&sync_timestamp=1629709858249&other_urls=https%3A%2F%2Fregistry.nlark.com%2F%40types%2Fresponselike%2Fdownload%2F%40types%2Fresponselike-1.0.0.tgz"
  "version" "1.0.0"
  dependencies:
    "@types/node" "*"

"buffer-equal-constant-time@1.0.1":
  "integrity" "sha1-+OcRMvf/5uAaXJaXpMbz5I1cyBk="
  "resolved" "https://registry.npmjs.org/buffer-equal-constant-time/-/buffer-equal-constant-time-1.0.1.tgz"
  "version" "1.0.1"

"cacheable-lookup@^5.0.3":
  "integrity" "sha1-WmuGWyxENXvj1evCpGewMnGacAU="
  "resolved" "https://registry.npmmirror.com/cacheable-lookup/download/cacheable-lookup-5.0.4.tgz?cache=0&sync_timestamp=1634030331946&other_urls=https%3A%2F%2Fregistry.npmmirror.com%2Fcacheable-lookup%2Fdownload%2Fcacheable-lookup-5.0.4.tgz"
  "version" "5.0.4"

"cacheable-request@^7.0.1":
  "integrity" "sha1-6g0LiJNkolhUdXMByhKy2nf5HSc="
  "resolved" "https://registry.nlark.com/cacheable-request/download/cacheable-request-7.0.2.tgz?cache=0&sync_timestamp=1623237563054&other_urls=https%3A%2F%2Fregistry.nlark.com%2Fcacheable-request%2Fdownload%2Fcacheable-request-7.0.2.tgz"
  "version" "7.0.2"
  dependencies:
    "clone-response" "^1.0.2"
    "get-stream" "^5.1.0"
    "http-cache-semantics" "^4.0.0"
    "keyv" "^4.0.0"
    "lowercase-keys" "^2.0.0"
    "normalize-url" "^6.0.1"
    "responselike" "^2.0.0"

"clone-response@^1.0.2":
  "integrity" "sha1-0dyXOSAxTfZ/vrlCI7TuNQI56Ws="
  "resolved" "https://registry.npm.taobao.org/clone-response/download/clone-response-1.0.2.tgz"
  "version" "1.0.2"
  dependencies:
    "mimic-response" "^1.0.0"

"decompress-response@^6.0.0":
  "integrity" "sha1-yjh2Et234QS9FthaqwDV7PCcZvw="
  "resolved" "https://registry.npm.taobao.org/decompress-response/download/decompress-response-6.0.0.tgz"
  "version" "6.0.0"
  dependencies:
    "mimic-response" "^3.1.0"

"defer-to-connect@^2.0.0":
  "integrity" "sha1-gBa9tBQ+RjK3ejRJxiNid95SBYc="
  "resolved" "https://registry.npm.taobao.org/defer-to-connect/download/defer-to-connect-2.0.1.tgz"
  "version" "2.0.1"

"ecdsa-sig-formatter@1.0.11":
  "integrity" "sha512-nagl3RYrbNv6kQkeJIpt6NJZy8twLB/2vtz6yN9Z4vRKHN4/QZJIEbqohALSgwKdnksuY3k5Addp5lg8sVoVcQ=="
  "resolved" "https://registry.npmjs.org/ecdsa-sig-formatter/-/ecdsa-sig-formatter-1.0.11.tgz"
  "version" "1.0.11"
  dependencies:
    "safe-buffer" "^5.0.1"

"end-of-stream@^1.1.0":
  "integrity" "sha1-WuZKX0UFe682JuwU2gyl5LJDHrA="
  "resolved" "https://registry.npm.taobao.org/end-of-stream/download/end-of-stream-1.4.4.tgz"
  "version" "1.4.4"
  dependencies:
    "once" "^1.4.0"

"get-stream@^5.1.0":
  "integrity" "sha1-SWaheV7lrOZecGxLe+txJX1uItM="
  "resolved" "https://registry.nlark.com/get-stream/download/get-stream-5.2.0.tgz"
  "version" "5.2.0"
  dependencies:
    "pump" "^3.0.0"

"got@^11.8.2":
  "integrity" "sha1-ers5Weoowx81dvFXbB7/ziPzNZk="
  "resolved" "https://registry.nlark.com/got/download/got-11.8.2.tgz"
  "version" "11.8.2"
  dependencies:
    "@sindresorhus/is" "^4.0.0"
    "@szmarczak/http-timer" "^4.0.5"
    "@types/cacheable-request" "^6.0.1"
    "@types/responselike" "^1.0.0"
    "cacheable-lookup" "^5.0.3"
    "cacheable-request" "^7.0.1"
    "decompress-response" "^6.0.0"
    "http2-wrapper" "^1.0.0-beta.5.2"
    "lowercase-keys" "^2.0.0"
    "p-cancelable" "^2.0.0"
    "responselike" "^2.0.0"

"http-cache-semantics@^4.0.0":
  "integrity" "sha1-SekcXL82yblLz81xwj1SSex045A="
  "resolved" "https://registry.npm.taobao.org/http-cache-semantics/download/http-cache-semantics-4.1.0.tgz"
  "version" "4.1.0"

"http2-wrapper@^1.0.0-beta.5.2":
  "integrity" "sha1-uPVeDB8l1OvQizsMLAeflZCACz0="
  "resolved" "https://registry.npmmirror.com/http2-wrapper/download/http2-wrapper-1.0.3.tgz?cache=0&sync_timestamp=1633705130279&other_urls=https%3A%2F%2Fregistry.npmmirror.com%2Fhttp2-wrapper%2Fdownload%2Fhttp2-wrapper-1.0.3.tgz"
  "version" "1.0.3"
  dependencies:
    "quick-lru" "^5.1.1"
    "resolve-alpn" "^1.0.0"

"json-buffer@3.0.1":
  "integrity" "sha1-kziAKjDTtmBfvgYT4JQAjKjAWhM="
  "resolved" "https://registry.nlark.com/json-buffer/download/json-buffer-3.0.1.tgz"
  "version" "3.0.1"

"jsonwebtoken@^8.5.1":
  "integrity" "sha512-XjwVfRS6jTMsqYs0EsuJ4LGxXV14zQybNd4L2r0UvbVnSF9Af8x7p5MzbJ90Ioz/9TI41/hTCvznF/loiSzn8w=="
  "resolved" "https://registry.npmjs.org/jsonwebtoken/-/jsonwebtoken-8.5.1.tgz"
  "version" "8.5.1"
  dependencies:
    "jws" "^3.2.2"
    "lodash.includes" "^4.3.0"
    "lodash.isboolean" "^3.0.3"
    "lodash.isinteger" "^4.0.4"
    "lodash.isnumber" "^3.0.3"
    "lodash.isplainobject" "^4.0.6"
    "lodash.isstring" "^4.0.1"
    "lodash.once" "^4.0.0"
    "ms" "^2.1.1"
    "semver" "^5.6.0"

"jwa@^1.4.1":
  "integrity" "sha512-qiLX/xhEEFKUAJ6FiBMbes3w9ATzyk5W7Hvzpa/SLYdxNtng+gcurvrI7TbACjIXlsJyr05/S1oUhZrc63evQA=="
  "resolved" "https://registry.npmjs.org/jwa/-/jwa-1.4.1.tgz"
  "version" "1.4.1"
  dependencies:
    "buffer-equal-constant-time" "1.0.1"
    "ecdsa-sig-formatter" "1.0.11"
    "safe-buffer" "^5.0.1"

"jws@^3.2.2":
  "integrity" "sha512-YHlZCB6lMTllWDtSPHz/ZXTsi8S00usEV6v1tjq8tOUZzw7DpSDWVXjXDre6ed1w/pd495ODpHZYSdkRTsa0HA=="
  "resolved" "https://registry.npmjs.org/jws/-/jws-3.2.2.tgz"
  "version" "3.2.2"
  dependencies:
    "jwa" "^1.4.1"
    "safe-buffer" "^5.0.1"

"keyv@^4.0.0":
  "integrity" "sha1-TzqpjeJUgDyvzSiWc0EI2qNeQlQ="
  "resolved" "https://registry.npm.taobao.org/keyv/download/keyv-4.0.3.tgz"
  "version" "4.0.3"
  dependencies:
    "json-buffer" "3.0.1"

"lodash.includes@^4.3.0":
  "integrity" "sha1-YLuYqHy5I8aMoeUTJUgzFISfVT8="
  "resolved" "https://registry.npmjs.org/lodash.includes/-/lodash.includes-4.3.0.tgz"
  "version" "4.3.0"

"lodash.isboolean@^3.0.3":
  "integrity" "sha1-bC4XHbKiV82WgC/UOwGyDV9YcPY="
  "resolved" "https://registry.npmjs.org/lodash.isboolean/-/lodash.isboolean-3.0.3.tgz"
  "version" "3.0.3"

"lodash.isinteger@^4.0.4":
  "integrity" "sha1-YZwK89A/iwTDH1iChAt3sRzWg0M="
  "resolved" "https://registry.npmjs.org/lodash.isinteger/-/lodash.isinteger-4.0.4.tgz"
  "version" "4.0.4"

"lodash.isnumber@^3.0.3":
  "integrity" "sha1-POdoEMWSjQM1IwGsKHMX8RwLH/w="
  "resolved" "https://registry.npmjs.org/lodash.isnumber/-/lodash.isnumber-3.0.3.tgz"
  "version" "3.0.3"

"lodash.isplainobject@^4.0.6":
  "integrity" "sha1-fFJqUtibRcRcxpC4gWO+BJf1UMs="
  "resolved" "https://registry.npmjs.org/lodash.isplainobject/-/lodash.isplainobject-4.0.6.tgz"
  "version" "4.0.6"

"lodash.isstring@^4.0.1":
  "integrity" "sha1-1SfftUVuynzJu5XV2ur4i6VKVFE="
  "resolved" "https://registry.npmjs.org/lodash.isstring/-/lodash.isstring-4.0.1.tgz"
  "version" "4.0.1"

"lodash.once@^4.0.0":
  "integrity" "sha1-DdOXEhPHxW34gJd9UEyI+0cal6w="
  "resolved" "https://registry.npmjs.org/lodash.once/-/lodash.once-4.1.1.tgz"
  "version" "4.1.1"

"lowercase-keys@^2.0.0":
  "integrity" "sha1-JgPni3tLAAbLyi+8yKMgJVislHk="
  "resolved" "https://registry.nlark.com/lowercase-keys/download/lowercase-keys-2.0.0.tgz"
  "version" "2.0.0"

"mimic-response@^1.0.0":
  "integrity" "sha1-SSNTiHju9CBjy4o+OweYeBSHqxs="
  "resolved" "https://registry.nlark.com/mimic-response/download/mimic-response-1.0.1.tgz"
  "version" "1.0.1"

"mimic-response@^3.1.0":
  "integrity" "sha1-LR1Zr5wbEpgVrMwsRqAipc4fo8k="
  "resolved" "https://registry.nlark.com/mimic-response/download/mimic-response-3.1.0.tgz"
  "version" "3.1.0"

"ms@^2.1.1":
  "integrity" "sha512-6FlzubTLZG3J2a/NVCAleEhjzq5oxgHyaCU9yYXvcLsvoVaHJq/s5xXI6/XXP6tz7R9xAOtHnSO/tXtF3WRTlA=="
  "resolved" "https://registry.npmjs.org/ms/-/ms-2.1.3.tgz"
  "version" "2.1.3"

"normalize-url@^6.0.1":
  "integrity" "sha1-QNCIW1Nd7/4/MUe+yHfQX+TFZoo="
  "resolved" "https://registry.nlark.com/normalize-url/download/normalize-url-6.1.0.tgz"
  "version" "6.1.0"

"once@^1.3.1", "once@^1.4.0":
  "integrity" "sha1-WDsap3WWHUsROsF9nFC6753Xa9E="
  "resolved" "https://registry.nlark.com/once/download/once-1.4.0.tgz"
  "version" "1.4.0"
  dependencies:
    "wrappy" "1"

"p-cancelable@^2.0.0":
  "integrity" "sha1-qrf71BZYL6MqPbSYWcEiSHxe0s8="
  "resolved" "https://registry.nlark.com/p-cancelable/download/p-cancelable-2.1.1.tgz"
  "version" "2.1.1"

"pump@^3.0.0":
  "integrity" "sha1-tKIRaBW94vTh6mAjVOjHVWUQemQ="
  "resolved" "https://registry.nlark.com/pump/download/pump-3.0.0.tgz"
  "version" "3.0.0"
  dependencies:
    "end-of-stream" "^1.1.0"
    "once" "^1.3.1"

"quick-lru@^5.1.1":
  "integrity" "sha1-NmST5rPkKjpoheLpnRj4D7eoyTI="
  "resolved" "https://registry.nlark.com/quick-lru/download/quick-lru-5.1.1.tgz?cache=0&other_urls=https%3A%2F%2Fregistry.nlark.com%2Fquick-lru%2Fdownload%2Fquick-lru-5.1.1.tgz"
  "version" "5.1.1"

"resolve-alpn@^1.0.0":
  "integrity" "sha1-t629rDVGqq7CC0Xn2CZZJwcnJvk="
  "resolved" "https://registry.nlark.com/resolve-alpn/download/resolve-alpn-1.2.1.tgz?cache=0&other_urls=https%3A%2F%2Fregistry.nlark.com%2Fresolve-alpn%2Fdownload%2Fresolve-alpn-1.2.1.tgz"
  "version" "1.2.1"

"responselike@^2.0.0":
  "integrity" "sha1-JjkbzDF091D5p56sxAoSpcQtdyM="
  "resolved" "https://registry.nlark.com/responselike/download/responselike-2.0.0.tgz"
  "version" "2.0.0"
  dependencies:
    "lowercase-keys" "^2.0.0"

"safe-buffer@^5.0.1":
  "integrity" "sha512-rp3So07KcdmmKbGvgaNxQSJr7bGVSVk5S9Eq1F+ppbRo70+YeaDxkw5Dd8NPN+GD6bjnYm2VuPuCXmpuYvmCXQ=="
  "resolved" "https://registry.npmjs.org/safe-buffer/-/safe-buffer-5.2.1.tgz"
  "version" "5.2.1"

"semver@^5.6.0":
  "integrity" "sha512-sauaDf/PZdVgrLTNYHRtpXa1iRiKcaebiKQ1BJdpQlWH2lCvexQdX55snPFyK7QzpudqbCI0qXFfOasHdyNDGQ=="
  "resolved" "https://registry.npmjs.org/semver/-/semver-5.7.1.tgz"
  "version" "5.7.1"

"wrappy@1":
  "integrity" "sha1-tSQ9jz7BqjXxNkYFvA0QNuMKtp8="
  "resolved" "https://registry.nlark.com/wrappy/download/wrappy-1.0.2.tgz"
  "version" "1.0.2"
